
Microsoft Visual Studio Solution File, Format Version 12.00
# Visual Studio Version 17
VisualStudioVersion = 17.3.32929.385
MinimumVisualStudioVersion = 10.0.40219.1
Project("{FAE04EC0-301F-11D3-BF4B-00C04F79EFBC}") = "calculadoraPrimeiro", "calculadoraPrimeiro\calculadoraPrimeiro.csproj", "{DC2A0F80-DA69-448C-B9A3-605661F2BEF1}"
EndProject
Global
	GlobalSection(SolutionConfigurationPlatforms) = preSolution
		Debug|Any CPU = Debug|Any CPU
		Release|Any CPU = Release|Any CPU
	EndGlobalSection
	GlobalSection(ProjectConfigurationPlatforms) = postSolution
		{DC2A0F80-DA69-448C-B9A3-605661F2BEF1}.Debug|Any CPU.ActiveCfg = Debug|Any CPU
		{DC2A0F80-DA69-448C-B9A3-605661F2BEF1}.Debug|Any CPU.Build.0 = Debug|Any CPU
		{DC2A0F80-DA69-448C-B9A3-605661F2BEF1}.Release|Any CPU.ActiveCfg = Release|Any CPU
		{DC2A0F80-DA69-448C-B9A3-605661F2BEF1}.Release|Any CPU.Build.0 = Release|Any CPU
	EndGlobalSection
	GlobalSection(SolutionProperties) = preSolution
		HideSolutionNode = FALSE
	EndGlobalSection
	GlobalSection(ExtensibilityGlobals) = postSolution
		SolutionGuid = {59BD177F-5931-4968-BCC6-D3CAD4CEC102}
	EndGlobalSection
EndGlobal
